// !$*UTF8*$!
{
	archiveVersion = 1;
	classes = {
	};
	objectVersion = 46;
	objects = {

/* Begin PBXBuildFile section */
		1CEA01011E76AFD700549932 /* AppDelegate.swift in Sources */ = {isa = PBXBuildFile; fileRef = 1CEA01001E76AFD700549932 /* AppDelegate.swift */; };
		1CEA01031E76AFD700549932 /* ViewController.swift in Sources */ = {isa = PBXBuildFile; fileRef = 1CEA01021E76AFD700549932 /* ViewController.swift */; };
		1CEA01061E76AFD700549932 /* Main.storyboard in Resources */ = {isa = PBXBuildFile; fileRef = 1CEA01041E76AFD700549932 /* Main.storyboard */; };
		1CEA01081E76AFD700549932 /* Assets.xcassets in Resources */ = {isa = PBXBuildFile; fileRef = 1CEA01071E76AFD700549932 /* Assets.xcassets */; };
		1CEA010B1E76AFD800549932 /* LaunchScreen.storyboard in Resources */ = {isa = PBXBuildFile; fileRef = 1CEA01091E76AFD800549932 /* LaunchScreen.storyboard */; };
/* End PBXBuildFile section */

/* Begin PBXFileReference section */
		1CEA00FD1E76AFD600549932 /* Sport player.app */ = {isa = PBXFileReference; explicitFileType = wrapper.application; includeInIndex = 0; path = "Sport player.app"; sourceTree = BUILT_PRODUCTS_DIR; };
		1CEA01001E76AFD700549932 /* AppDelegate.swift */ = {isa = PBXFileReference; lastKnownFileType = sourcecode.swift; path = AppDelegate.swift; sourceTree = "<group>"; };
		1CEA01021E76AFD700549932 /* ViewController.swift */ = {isa = PBXFileReference; lastKnownFileType = sourcecode.swift; path = ViewController.swift; sourceTree = "<group>"; };
		1CEA01051E76AFD700549932 /* Base */ = {isa = PBXFileReference; lastKnownFileType = file.storyboard; name = Base; path = Base.lproj/Main.storyboard; sourceTree = "<group>"; };
		1CEA01071E76AFD700549932 /* Assets.xcassets */ = {isa = PBXFileReference; lastKnownFileType = folder.assetcatalog; path = Assets.xcassets; sourceTree = "<group>"; };
		1CEA010A1E76AFD800549932 /* Base */ = {isa = PBXFileReference; lastKnownFileType = file.storyboard; name = Base; path = Base.lproj/LaunchScreen.storyboard; sourceTree = "<group>"; };
		1CEA010C1E76AFD800549932 /* Info.plist */ = {isa = PBXFileReference; lastKnownFileType = text.plist.xml; path = Info.plist; sourceTree = "<group>"; };
/* End PBXFileReference section */

/* Begin PBXFrameworksBuildPhase section */
		1CEA00FA1E76AFD600549932 /* Frameworks */ = {
			isa = PBXFrameworksBuildPhase;
			buildActionMask = 2147483647;
			files = (
			);
			runOnlyForDeploymentPostprocessing = 0;
		};
/* End PBXFrameworksBuildPhase section */

/* Begin PBXGroup section */
		1CEA00F41E76AFD600549932 = {
			isa = PBXGroup;
			children = (
				1CEA00FF1E76AFD600549932 /* Sport player */,
				1CEA00FE1E76AFD600549932 /* Products */,
			);
			sourceTree = "<group>";
		};
		1CEA00FE1E76AFD600549932 /* Products */ = {
			isa = PBXGroup;
			children = (
				1CEA00FD1E76AFD600549932 /* Sport player.app */,
			);
			name = Products;
			sourceTree = "<group>";
		};
		1CEA00FF1E76AFD600549932 /* Sport player */ = {
			isa = PBXGroup;
			children = (
				1CEA01001E76AFD700549932 /* AppDelegate.swift */,
				1CEA01021E76AFD700549932 /* ViewController.swift */,
				1CEA01041E76AFD700549932 /* Main.storyboard */,
				1CEA01071E76AFD700549932 /* Assets.xcassets */,
				1CEA01091E76AFD800549932 /* LaunchScreen.storyboard */,
				1CEA010C1E76AFD800549932 /* Info.plist */,
			);
			path = "Sport player";
			sourceTree = "<group>";
		};
/* End PBXGroup section */

/* Begin PBXNativeTarget section */
		1CEA00FC1E76AFD600549932 /* Sport player */ = {
			isa = PBXNativeTarget;
			buildConfigurationList = 1CEA010F1E76AFD800549932 /* Build configuration list for PBXNativeTarget "Sport player" */;
			buildPhases = (
				1CEA00F91E76AFD600549932 /* Sources */,
				1CEA00FA1E76AFD600549932 /* Frameworks */,
				1CEA00FB1E76AFD600549932 /* Resources */,
			);
			buildRules = (
			);
			dependencies = (
			);
			name = "Sport player";
			productName = "Sport player";
			productReference = 1CEA00FD1E76AFD600549932 /* Sport player.app */;
			productType = "com.apple.product-type.application";
		};
/* End PBXNativeTarget section */

/* Begin PBXProject section */
		1CEA00F51E76AFD600549932 /* Project object */ = {
			isa = PBXProject;
			attributes = {
				LastSwiftUpdateCheck = 0820;
				LastUpgradeCheck = 0820;
				ORGANIZATIONNAME = "Bola Ibrahim";
				TargetAttributes = {
					1CEA00FC1E76AFD600549932 = {
						CreatedOnToolsVersion = 8.2.1;
						DevelopmentTeam = 7VF5XNRQ87;
						ProvisioningStyle = Automatic;
					};
				};
			};
			buildConfigurationList = 1CEA00F81E76AFD600549932 /* Build configuration list for PBXProject "Sport player" */;
			compatibilityVersion = "Xcode 3.2";
			developmentRegion = English;
			hasScannedForEncodings = 0;
			knownRegions = (
				en,
				Base,
			);
			mainGroup = 1CEA00F41E76AFD600549932;
			productRefGroup = 1CEA00FE1E76AFD600549932 /* Products */;
			projectDirPath = "";
			projectRoot = "";
			targets = (
				1CEA00FC1E76AFD600549932 /* Sport player */,
			);
		};
/* End PBXProject section */

/* Begin PBXResourcesBuildPhase section */
		1CEA00FB1E76AFD600549932 /* Resources */ = {
			isa = PBXResourcesBuildPhase;
			buildActionMask = 2147483647;
			files = (
				1CEA010B1E76AFD800549932 /* LaunchScreen.storyboard in Resources */,
				1CEA01081E76AFD700549932 /* Assets.xcassets in Resources */,
				1CEA01061E76AFD700549932 /* Main.storyboard in Resources */,
			);
			runOnlyForDeploymentPostprocessing = 0;
		};
/* End PBXResourcesBuildPhase section */

/* Begin PBXSourcesBuildPhase section */
		1CEA00F91E76AFD600549932 /* Sources */ = {
			isa = PBXSourcesBuildPhase;
			buildActionMask = 2147483647;
			files = (
				1CEA01031E76AFD700549932 /* ViewController.swift in Sources */,
				1CEA01011E76AFD700549932 /* AppDelegate.swift in Sources */,
			);
			runOnlyForDeploymentPostprocessing = 0;
		};
/* End PBXSourcesBuildPhase section */

/* Begin PBXVariantGroup section */
		1CEA01041E76AFD700549932 /* Main.storyboard */ = {
			isa = PBXVariantGroup;
			children = (
				1CEA01051E76AFD700549932 /* Base */,
			);
			name = Main.storyboard;
			sourceTree = "<group>";
		};
		1CEA01091E76AFD800549932 /* LaunchScreen.storyboard */ = {
			isa = PBXVariantGroup;
			children = (
				1CEA010A1E76AFD800549932 /* Base */,
			);
			name = LaunchScreen.storyboard;
			sourceTree = "<group>";
		};
/* End PBXVariantGroup section */

/* Begin XCBuildConfiguration section */
		1CEA010D1E76AFD800549932 /* Debug */ = {
			isa = XCBuildConfiguration;
			buildSettings = {
				ALWAYS_SEARCH_USER_PATHS = NO;
				CLANG_ANALYZER_NONNULL = YES;
				CLANG_CXX_LANGUAGE_STANDARD = "gnu++0x";
				CLANG_CXX_LIBRARY = "libc++";
				CLANG_ENABLE_MODULES = YES;
				CLANG_ENABLE_OBJC_ARC = YES;
				CLANG_WARN_BOOL_CONVERSION = YES;
				CLANG_WARN_CONSTANT_CONVERSION = YES;
				CLANG_WARN_DIRECT_OBJC_ISA_USAGE = YES_ERROR;
				CLANG_WARN_DOCUMENTATION_COMMENTS = YES;
				CLANG_WARN_EMPTY_BODY = YES;
				CLANG_WARN_ENUM_CONVERSION = YES;
				CLANG_WARN_INFINITE_RECURSION = YES;
				CLANG_WARN_INT_CONVERSION = YES;
				CLANG_WARN_OBJC_ROOT_CLASS = YES_ERROR;
				CLANG_WARN_SUSPICIOUS_MOVE = YES;
				CLANG_WARN_UNREACHABLE_CODE = YES;
				CLANG_WARN__DUPLICATE_METHOD_MATCH = YES;
				"CODE_SIGN_IDENTITY[sdk=iphoneos*]" = "iPhone Developer";
				COPY_PHASE_STRIP = NO;
				DEBUG_INFORMATION_FORMAT = dwarf;
				ENABLE_STRICT_OBJC_MSGSEND = YES;
				ENABLE_TESTABILITY = YES;
				GCC_C_LANGUAGE_STANDARD = gnu99;
				GCC_DYNAMIC_NO_PIC = NO;
				GCC_NO_COMMON_BLOCKS = YES;
				GCC_OPTIMIZATION_LEVEL = 0;
				GCC_PREPROCESSOR_DEFINITIONS = (
					"DEBUG=1",
					"$(inherited)",
				);
				GCC_WARN_64_TO_32_BIT_CONVERSION = YES;
				GCC_WARN_ABOUT_RETURN_TYPE = YES_ERROR;
				GCC_WARN_UNDECLARED_SELECTOR = YES;
				GCC_WARN_UNINITIALIZED_AUTOS = YES_AGGRESSIVE;
				GCC_WARN_UNUSED_FUNCTION = YES;
				GCC_WARN_UNUSED_VARIABLE = YES;
				IPHONEOS_DEPLOYMENT_TARGET = 10.2;
				MTL_ENABLE_DEBUG_INFO = YES;
				ONLY_ACTIVE_ARCH = YES;
				SDKROOT = iphoneos;
				SWIFT_ACTIVE_COMPILATION_CONDITIONS = DEBUG;
				SWIFT_OPTIMIZATION_LEVEL = "-Onone";
				TARGETED_DEVICE_FAMILY = "1,2";
			};
			name = Debug;
		};
		1CEA010E1E76AFD800549932 /* Release */ = {
			isa = XCBuildConfiguration;
			buildSettings = {
				ALWAYS_SEARCH_USER_PATHS = NO;
				CLANG_ANALYZER_NONNULL = YES;
				CLANG_CXX_LANGUAGE_STANDARD = "gnu++0x";
				CLANG_CXX_LIBRARY = "libc++";
				CLANG_ENABLE_MODULES = YES;
				CLANG_ENABLE_OBJC_ARC = YES;
				CLANG_WARN_BOOL_CONVERSION = YES;
				CLANG_WARN_CONSTANT_CONVERSION = YES;
				CLANG_WARN_DIRECT_OBJC_ISA_USAGE = YES_ERROR;
				CLANG_WARN_DOCUMENTATION_COMMENTS = YES;
				CLANG_WARN_EMPTY_BODY = YES;
				CLANG_WARN_ENUM_CONVERSION = YES;
				CLANG_WARN_INFINITE_RECURSION = YES;
				CLANG_WARN_INT_CONVERSION = YES;
				CLANG_WARN_OBJC_ROOT_CLASS = YES_ERROR;
				CLANG_WARN_SUSPICIOUS_MOVE = YES;
				CLANG_WARN_UNREACHABLE_CODE = YES;
				CLANG_WARN__DUPLICATE_METHOD_MATCH = YES;
				"CODE_SIGN_IDENTITY[sdk=iphoneos*]" = "iPhone Developer";
				COPY_PHASE_STRIP = NO;
				DEBUG_INFORMATION_FORMAT = "dwarf-with-dsym";
				ENABLE_NS_ASSERTIONS = NO;
				ENABLE_STRICT_OBJC_MSGSEND = YES;
				GCC_C_LANGUAGE_STANDARD = gnu99;
				GCC_NO_COMMON_BLOCKS = YES;
				GCC_WARN_64_TO_32_BIT_CONVERSION = YES;
				GCC_WARN_ABOUT_RETURN_TYPE = YES_ERROR;
				GCC_WARN_UNDECLARED_SELECTOR = YES;
				GCC_WARN_UNINITIALIZED_AUTOS = YES_AGGRESSIVE;
				GCC_WARN_UNUSED_FUNCTION = YES;
				GCC_WARN_UNUSED_VARIABLE = YES;
				IPHONEOS_DEPLOYMENT_TARGET = 10.2;
				MTL_ENABLE_DEBUG_INFO = NO;
				SDKROOT = iphoneos;
				SWIFT_OPTIMIZATION_LEVEL = "-Owholemodule";
				TARGETED_DEVICE_FAMILY = "1,2";
				VALIDATE_PRODUCT = YES;
			};
			name = Release;
		};
		1CEA01101E76AFD800549932 /* Debug */ = {
			isa = XCBuildConfiguration;
			buildSettings = {
				ASSETCATALOG_COMPILER_APPICON_NAME = AppIcon;
				DEVELOPMENT_TEAM = 7VF5XNRQ87;
				INFOPLIST_FILE = "Sport player/Info.plist";
				LD_RUNPATH_SEARCH_PATHS = "$(inherited) @executable_path/Frameworks";
				PRODUCT_BUNDLE_IDENTIFIER = "bola.com.Sport-player";
				PRODUCT_NAME = "$(TARGET_NAME)";
				SWIFT_VERSION = 3.0;
			};
			name = Debug;
		};
		1CEA01111E76AFD800549932 /* Release */ = {
			isa = XCBuildConfiguration;
			buildSettings = {
				ASSETCATALOG_COMPILER_APPICON_NAME = AppIcon;
				DEVELOPMENT_TEAM = 7VF5XNRQ87;
				INFOPLIST_FILE = "Sport player/Info.plist";
				LD_RUNPATH_SEARCH_PATHS = "$(inherited) @executable_path/Frameworks";
				PRODUCT_BUNDLE_IDENTIFIER = "bola.com.Sport-player";
				PRODUCT_NAME = "$(TARGET_NAME)";
				SWIFT_VERSION = 3.0;
			};
			name = Release;
		};
/* End XCBuildConfiguration section */

/* Begin XCConfigurationList section */
		1CEA00F81E76AFD600549932 /* Build configuration list for PBXProject "Sport player" */ = {
			isa = XCConfigurationList;
			buildConfigurations = (
				1CEA010D1E76AFD800549932 /* Debug */,
				1CEA010E1E76AFD800549932 /* Release */,
			);
			defaultConfigurationIsVisible = 0;
			defaultConfigurationName = Release;
		};
		1CEA010F1E76AFD800549932 /* Build configuration list for PBXNativeTarget "Sport player" */ = {
			isa = XCConfigurationList;
			buildConfigurations = (
				1CEA01101E76AFD800549932 /* Debug */,
				1CEA01111E76AFD800549932 /* Release */,
			);
			defaultConfigurationIsVisible = 0;
		};
/* End XCConfigurationList section */
	};
	rootObject = 1CEA00F51E76AFD600549932 /* Project object */;
}
